<?xml version="1.0"?>
<CONFIG>
  <ProjectOptions>
    <PathDelim Value="\"/>
    <Version Value="6"/>
    <General>
      <MainUnit Value="0"/>
      <IconPath Value="./"/>
      <TargetFileExt Value=".exe"/>
      <ActiveEditorIndexAtStart Value="4"/>
    </General>
    <VersionInfo>
      <ProjectVersion Value=""/>
      <Language Value=""/>
      <CharSet Value=""/>
    </VersionInfo>
    <PublishOptions>
      <Version Value="2"/>
      <IgnoreBinaries Value="False"/>
      <IncludeFileFilter Value="*.(pas|pp|inc|lfm|lpr|lrs|lpi|lpk|sh|xml)"/>
      <ExcludeFileFilter Value="*.(bak|ppu|ppw|o|so);*~;backup"/>
    </PublishOptions>
    <RunParams>
      <local>
        <FormatVersion Value="1"/>
        <LaunchingApplication PathPlusParams="/usr/X11R6/bin/xterm -T 'Lazarus Run Output' -e $(LazarusDir)/tools/runwait.sh $(TargetCmdLine)"/>
      </local>
    </RunParams>
    <Units Count="29">
      <Unit0>
        <Filename Value="treelistviewexample.lpr"/>
        <IsPartOfProject Value="True"/>
        <UnitName Value="treelistviewexample"/>
        <CursorPos X="64" Y="1"/>
        <TopLine Value="1"/>
        <EditorIndex Value="0"/>
        <UsageCount Value="42"/>
        <Loaded Value="True"/>
      </Unit0>
      <Unit1>
        <Filename Value="treelistviewexampleu.pas"/>
        <IsPartOfProject Value="True"/>
        <UnitName Value="treelistviewexampleu"/>
        <CursorPos X="29" Y="11"/>
        <TopLine Value="1"/>
        <EditorIndex Value="3"/>
        <UsageCount Value="42"/>
        <Loaded Value="True"/>
      </Unit1>
      <Unit2>
        <Filename Value="..\TreeListView.pas"/>
        <UnitName Value="TreeListView"/>
        <CursorPos X="27" Y="2784"/>
        <TopLine Value="2783"/>
        <EditorIndex Value="4"/>
        <UsageCount Value="20"/>
        <Bookmarks Count="6">
          <Item0 X="3" Y="1939" ID="1"/>
          <Item1 X="33" Y="2196" ID="2"/>
          <Item2 X="3" Y="2199" ID="3"/>
          <Item3 X="8" Y="2490" ID="7"/>
          <Item4 X="36" Y="2796" ID="8"/>
          <Item5 X="110" Y="2845" ID="9"/>
        </Bookmarks>
        <Loaded Value="True"/>
      </Unit2>
      <Unit3>
        <Filename Value="P:\programming\lazarus\fpc\2.2.1\source\rtl\win\wininc\struct.inc"/>
        <CursorPos X="30" Y="260"/>
        <TopLine Value="254"/>
        <UsageCount Value="13"/>
      </Unit3>
      <Unit4>
        <Filename Value="P:\programming\lazarus\lcl\include\application.inc"/>
        <CursorPos X="1" Y="1740"/>
        <TopLine Value="1723"/>
        <EditorIndex Value="1"/>
        <UsageCount Value="20"/>
        <Loaded Value="True"/>
      </Unit4>
      <Unit5>
        <Filename Value="P:\programming\lazarus\lcl\lclclasses.pp"/>
        <UnitName Value="LCLClasses"/>
        <CursorPos X="1" Y="116"/>
        <TopLine Value="99"/>
        <EditorIndex Value="2"/>
        <UsageCount Value="20"/>
        <Loaded Value="True"/>
      </Unit5>
      <Unit6>
        <Filename Value="..\findControl.pas"/>
        <UnitName Value="findControl"/>
        <CursorPos X="56" Y="5"/>
        <TopLine Value="1"/>
        <EditorIndex Value="13"/>
        <UsageCount Value="17"/>
        <Bookmarks Count="1">
          <Item0 X="135" Y="25" ID="4"/>
        </Bookmarks>
        <Loaded Value="True"/>
      </Unit6>
      <Unit7>
        <Filename Value="P:\programming\lazarus\lcl\forms.pp"/>
        <UnitName Value="Forms"/>
        <CursorPos X="15" Y="1090"/>
        <TopLine Value="1083"/>
        <UsageCount Value="11"/>
      </Unit7>
      <Unit8>
        <Filename Value="P:\programming\lazarus\lcl\imglist.pp"/>
        <UnitName Value="ImgList"/>
        <CursorPos X="15" Y="183"/>
        <TopLine Value="166"/>
        <EditorIndex Value="23"/>
        <UsageCount Value="19"/>
        <Loaded Value="True"/>
      </Unit8>
      <Unit9>
        <Filename Value="P:\programming\lazarus\lcl\include\imglist.inc"/>
        <CursorPos X="41" Y="71"/>
        <TopLine Value="63"/>
        <EditorIndex Value="24"/>
        <UsageCount Value="19"/>
        <Loaded Value="True"/>
      </Unit9>
      <Unit10>
        <Filename Value="P:\programming\lazarus\lcl\controls.pp"/>
        <UnitName Value="Controls"/>
        <CursorPos X="40" Y="1728"/>
        <TopLine Value="1712"/>
        <EditorIndex Value="19"/>
        <UsageCount Value="19"/>
        <Loaded Value="True"/>
      </Unit10>
      <Unit11>
        <Filename Value="P:\programming\lazarus\lcl\include\winapih.inc"/>
        <CursorPos X="10" Y="195"/>
        <TopLine Value="178"/>
        <EditorIndex Value="21"/>
        <UsageCount Value="18"/>
        <Loaded Value="True"/>
      </Unit11>
      <Unit12>
        <Filename Value="P:\programming\lazarus\lcl\include\wincontrol.inc"/>
        <CursorPos X="27" Y="6873"/>
        <TopLine Value="6864"/>
        <EditorIndex Value="20"/>
        <UsageCount Value="18"/>
        <Loaded Value="True"/>
      </Unit12>
      <Unit13>
        <Filename Value="P:\programming\lazarus\fpc\2.2.1\source\rtl\objpas\sysutils\sysstrh.inc"/>
        <CursorPos X="11" Y="112"/>
        <TopLine Value="94"/>
        <UsageCount Value="10"/>
      </Unit13>
      <Unit14>
        <Filename Value="P:\programming\lazarus\fpc\2.2.1\source\rtl\objpas\sysutils\sysstr.inc"/>
        <CursorPos X="3" Y="789"/>
        <TopLine Value="786"/>
        <UsageCount Value="10"/>
      </Unit14>
      <Unit15>
        <Filename Value="P:\programming\lazarus\fpc\2.2.1\source\rtl\objpas\classes\classesh.inc"/>
        <CursorPos X="15" Y="364"/>
        <TopLine Value="347"/>
        <EditorIndex Value="17"/>
        <UsageCount Value="17"/>
        <Loaded Value="True"/>
      </Unit15>
      <Unit16>
        <Filename Value="P:\programming\lazarus\fpc\2.2.1\source\rtl\objpas\classes\persist.inc"/>
        <CursorPos X="3" Y="62"/>
        <TopLine Value="59"/>
        <EditorIndex Value="18"/>
        <UsageCount Value="17"/>
        <Loaded Value="True"/>
      </Unit16>
      <Unit17>
        <Filename Value="P:\programming\lazarus\lcl\graphics.pp"/>
        <UnitName Value="Graphics"/>
        <CursorPos X="15" Y="962"/>
        <TopLine Value="945"/>
        <EditorIndex Value="15"/>
        <UsageCount Value="16"/>
        <Loaded Value="True"/>
      </Unit17>
      <Unit18>
        <Filename Value="P:\programming\lazarus\lcl\include\canvas.inc"/>
        <CursorPos X="3" Y="1593"/>
        <TopLine Value="1589"/>
        <EditorIndex Value="16"/>
        <UsageCount Value="16"/>
        <Loaded Value="True"/>
      </Unit18>
      <Unit19>
        <Filename Value="P:\programming\lazarus\lcl\include\intfbasewinapi.inc"/>
        <CursorPos X="3" Y="860"/>
        <TopLine Value="857"/>
        <EditorIndex Value="22"/>
        <UsageCount Value="15"/>
        <Loaded Value="True"/>
      </Unit19>
      <Unit20>
        <Filename Value="..\compiledoc.bat"/>
        <CursorPos X="71" Y="1"/>
        <TopLine Value="1"/>
        <EditorIndex Value="14"/>
        <UsageCount Value="15"/>
        <Loaded Value="True"/>
        <SyntaxHighlighter Value="None"/>
      </Unit20>
      <Unit21>
        <Filename Value="P:\programming\lazarus\lcl\lmessages.pp"/>
        <UnitName Value="LMessages"/>
        <CursorPos X="14" Y="193"/>
        <TopLine Value="177"/>
        <EditorIndex Value="12"/>
        <UsageCount Value="14"/>
        <Loaded Value="True"/>
      </Unit21>
      <Unit22>
        <Filename Value="P:\programming\lazarus\fpc\2.2.1\source\rtl\win\messages.pp"/>
        <UnitName Value="messages"/>
        <CursorPos X="10" Y="11"/>
        <TopLine Value="1"/>
        <EditorIndex Value="10"/>
        <UsageCount Value="14"/>
        <Loaded Value="True"/>
      </Unit22>
      <Unit23>
        <Filename Value="P:\programming\lazarus\fpc\2.2.1\source\rtl\win\wininc\messages.inc"/>
        <CursorPos X="1" Y="1"/>
        <TopLine Value="1"/>
        <EditorIndex Value="11"/>
        <UsageCount Value="14"/>
        <Loaded Value="True"/>
      </Unit23>
      <Unit24>
        <Filename Value="..\extendedhtmlparser.pas"/>
        <UnitName Value="extendedhtmlparser"/>
        <CursorPos X="3" Y="4"/>
        <TopLine Value="1"/>
        <EditorIndex Value="6"/>
        <UsageCount Value="14"/>
        <Bookmarks Count="1">
          <Item0 X="3" Y="924" ID="6"/>
        </Bookmarks>
        <Loaded Value="True"/>
      </Unit24>
      <Unit25>
        <Filename Value="..\simplehtmlparser.pas"/>
        <UnitName Value="simplehtmlparser"/>
        <CursorPos X="39" Y="12"/>
        <TopLine Value="12"/>
        <EditorIndex Value="9"/>
        <UsageCount Value="14"/>
        <Loaded Value="True"/>
      </Unit25>
      <Unit26>
        <Filename Value="..\bbutils.pas"/>
        <UnitName Value="bbutils"/>
        <CursorPos X="38" Y="480"/>
        <TopLine Value="455"/>
        <EditorIndex Value="8"/>
        <UsageCount Value="14"/>
        <Loaded Value="True"/>
      </Unit26>
      <Unit27>
        <Filename Value="..\simplexmlparser.pas"/>
        <UnitName Value="simplexmlparser"/>
        <CursorPos X="3" Y="5"/>
        <TopLine Value="1"/>
        <EditorIndex Value="7"/>
        <UsageCount Value="14"/>
        <Loaded Value="True"/>
      </Unit27>
      <Unit28>
        <Filename Value="T:\bzTreeListView.pas"/>
        <UnitName Value="bzTreeListView"/>
        <CursorPos X="1" Y="3141"/>
        <TopLine Value="3119"/>
        <EditorIndex Value="5"/>
        <UsageCount Value="13"/>
        <Loaded Value="True"/>
        <ReadOnly Value="True"/>
      </Unit28>
    </Units>
    <JumpHistory Count="22" HistoryIndex="21">
      <Position1>
        <Filename Value="..\TreeListView.pas"/>
        <Caret Line="554" Column="46" TopLine="533"/>
      </Position1>
      <Position2>
        <Filename Value="..\TreeListView.pas"/>
        <Caret Line="307" Column="16" TopLine="306"/>
      </Position2>
      <Position3>
        <Filename Value="..\TreeListView.pas"/>
        <Caret Line="308" Column="17" TopLine="307"/>
      </Position3>
      <Position4>
        <Filename Value="..\TreeListView.pas"/>
        <Caret Line="554" Column="46" TopLine="545"/>
      </Position4>
      <Position5>
        <Filename Value="..\TreeListView.pas"/>
        <Caret Line="2827" Column="11" TopLine="2816"/>
      </Position5>
      <Position6>
        <Filename Value="..\TreeListView.pas"/>
        <Caret Line="3081" Column="45" TopLine="3064"/>
      </Position6>
      <Position7>
        <Filename Value="..\TreeListView.pas"/>
        <Caret Line="2827" Column="9" TopLine="2810"/>
      </Position7>
      <Position8>
        <Filename Value="..\TreeListView.pas"/>
        <Caret Line="3081" Column="45" TopLine="3048"/>
      </Position8>
      <Position9>
        <Filename Value="..\TreeListView.pas"/>
        <Caret Line="2827" Column="10" TopLine="2810"/>
      </Position9>
      <Position10>
        <Filename Value="..\TreeListView.pas"/>
        <Caret Line="3081" Column="45" TopLine="3064"/>
      </Position10>
      <Position11>
        <Filename Value="..\TreeListView.pas"/>
        <Caret Line="388" Column="23" TopLine="369"/>
      </Position11>
      <Position12>
        <Filename Value="..\TreeListView.pas"/>
        <Caret Line="1264" Column="109" TopLine="1247"/>
      </Position12>
      <Position13>
        <Filename Value="..\TreeListView.pas"/>
        <Caret Line="2847" Column="110" TopLine="2825"/>
      </Position13>
      <Position14>
        <Filename Value="..\TreeListView.pas"/>
        <Caret Line="2852" Column="35" TopLine="2835"/>
      </Position14>
      <Position15>
        <Filename Value="..\TreeListView.pas"/>
        <Caret Line="2860" Column="30" TopLine="2827"/>
      </Position15>
      <Position16>
        <Filename Value="..\TreeListView.pas"/>
        <Caret Line="2867" Column="78" TopLine="2841"/>
      </Position16>
      <Position17>
        <Filename Value="..\TreeListView.pas"/>
        <Caret Line="2790" Column="1" TopLine="2776"/>
      </Position17>
      <Position18>
        <Filename Value="..\TreeListView.pas"/>
        <Caret Line="2789" Column="16" TopLine="2769"/>
      </Position18>
      <Position19>
        <Filename Value="..\TreeListView.pas"/>
        <Caret Line="2787" Column="1" TopLine="2770"/>
      </Position19>
      <Position20>
        <Filename Value="..\TreeListView.pas"/>
        <Caret Line="2796" Column="36" TopLine="2772"/>
      </Position20>
      <Position21>
        <Filename Value="..\TreeListView.pas"/>
        <Caret Line="1" Column="1" TopLine="1"/>
      </Position21>
      <Position22>
        <Filename Value="..\TreeListView.pas"/>
        <Caret Line="1280" Column="48" TopLine="1270"/>
      </Position22>
    </JumpHistory>
  </ProjectOptions>
  <CompilerOptions>
    <Version Value="5"/>
    <PathDelim Value="\"/>
    <SearchPaths>
      <OtherUnitFiles Value="..\;$(LazarusDir)\lcl\units\$(TargetCPU)-$(TargetOS)\;$(LazarusDir)\lcl\units\$(TargetCPU)-$(TargetOS)\$(LCLWidgetType)\"/>
    </SearchPaths>
    <CodeGeneration>
      <Generate Value="Faster"/>
    </CodeGeneration>
    <Linking>
      <Options>
        <Win32>
          <GraphicApplication Value="True"/>
        </Win32>
      </Options>
    </Linking>
    <Other>
      <CustomOptions Value="-dlcl
"/>
      <CompilerPath Value="$(CompPath)"/>
    </Other>
  </CompilerOptions>
  <Debugging>
    <BreakPoints Count="5">
      <Item1>
        <Source Value="..\..\..\..\programs\internet\VideLibri\libraryparser.pas"/>
        <Line Value="2285"/>
      </Item1>
      <Item2>
        <Source Value="E:\components\pascal\internet\internetaccess.pas"/>
        <Line Value="131"/>
      </Item2>
      <Item3>
        <Source Value="E:\components\pascal\internet\internetaccess.pas"/>
        <Line Value="124"/>
      </Item3>
      <Item4>
        <Source Value="E:\components\pascal\internet\internetaccess.pas"/>
        <Line Value="117"/>
      </Item4>
      <Item5>
        <Source Value="..\..\internet\autoupdate.pas"/>
        <Line Value="256"/>
      </Item5>
    </BreakPoints>
    <Watches Count="3">
      <Item1>
        <Expression Value="values[1]"/>
      </Item1>
      <Item2>
        <Expression Value="values[2]"/>
      </Item2>
      <Item3>
        <Expression Value="values[3]"/>
      </Item3>
    </Watches>
    <Exceptions Count="3">
      <Item1>
        <Name Value="EAbortException"/>
      </Item1>
      <Item2>
        <Name Value="EAbort"/>
      </Item2>
      <Item3>
        <Name Value="EConvertError"/>
      </Item3>
    </Exceptions>
  </Debugging>
</CONFIG>
