<?xml version="1.0"?>
<CONFIG>
  <ProjectOptions>
    <PathDelim Value="\"/>
    <Version Value="6"/>
    <General>
      <MainUnit Value="0"/>
      <IconPath Value="./"/>
      <TargetFileExt Value=".exe"/>
      <ActiveEditorIndexAtStart Value="4"/>
    </General>
    <VersionInfo>
      <ProjectVersion Value=""/>
      <Language Value=""/>
      <CharSet Value=""/>
    </VersionInfo>
    <PublishOptions>
      <Version Value="2"/>
      <IgnoreBinaries Value="False"/>
      <IncludeFileFilter Value="*.(pas|pp|inc|lfm|lpr|lrs|lpi|lpk|sh|xml)"/>
      <ExcludeFileFilter Value="*.(bak|ppu|ppw|o|so);*~;backup"/>
    </PublishOptions>
    <RunParams>
      <local>
        <FormatVersion Value="1"/>
        <LaunchingApplication PathPlusParams="/usr/X11R6/bin/xterm -T 'Lazarus Run Output' -e $(LazarusDir)/tools/runwait.sh $(TargetCmdLine)"/>
      </local>
    </RunParams>
    <Units Count="20">
      <Unit0>
        <Filename Value="treelistviewexample.lpr"/>
        <IsPartOfProject Value="True"/>
        <UnitName Value="treelistviewexample"/>
        <CursorPos X="1" Y="16"/>
        <TopLine Value="1"/>
        <EditorIndex Value="0"/>
        <UsageCount Value="30"/>
        <Loaded Value="True"/>
      </Unit0>
      <Unit1>
        <Filename Value="treelistviewexampleu.pas"/>
        <IsPartOfProject Value="True"/>
        <UnitName Value="treelistviewexampleu"/>
        <CursorPos X="13" Y="122"/>
        <TopLine Value="113"/>
        <EditorIndex Value="3"/>
        <UsageCount Value="30"/>
        <Loaded Value="True"/>
      </Unit1>
      <Unit2>
        <Filename Value="..\TreeListView.pas"/>
        <UnitName Value="TreeListView"/>
        <CursorPos X="36" Y="2470"/>
        <TopLine Value="2456"/>
        <EditorIndex Value="4"/>
        <UsageCount Value="15"/>
        <Bookmarks Count="5">
          <Item0 X="1" Y="1249" ID="1"/>
          <Item1 X="48" Y="2480" ID="2"/>
          <Item2 X="8" Y="2491" ID="7"/>
          <Item3 X="45" Y="2716" ID="8"/>
          <Item4 X="52" Y="2090" ID="9"/>
        </Bookmarks>
        <Loaded Value="True"/>
      </Unit2>
      <Unit3>
        <Filename Value="P:\programming\lazarus\fpc\2.2.1\source\rtl\win\wininc\struct.inc"/>
        <CursorPos X="30" Y="260"/>
        <TopLine Value="254"/>
        <UsageCount Value="13"/>
      </Unit3>
      <Unit4>
        <Filename Value="P:\programming\lazarus\lcl\include\application.inc"/>
        <CursorPos X="1" Y="1740"/>
        <TopLine Value="1723"/>
        <EditorIndex Value="1"/>
        <UsageCount Value="15"/>
        <Loaded Value="True"/>
      </Unit4>
      <Unit5>
        <Filename Value="P:\programming\lazarus\lcl\lclclasses.pp"/>
        <UnitName Value="LCLClasses"/>
        <CursorPos X="1" Y="116"/>
        <TopLine Value="99"/>
        <EditorIndex Value="2"/>
        <UsageCount Value="15"/>
        <Loaded Value="True"/>
      </Unit5>
      <Unit6>
        <Filename Value="..\findControl.pas"/>
        <UnitName Value="findControl"/>
        <CursorPos X="49" Y="68"/>
        <TopLine Value="57"/>
        <UsageCount Value="12"/>
      </Unit6>
      <Unit7>
        <Filename Value="P:\programming\lazarus\lcl\forms.pp"/>
        <UnitName Value="Forms"/>
        <CursorPos X="15" Y="1090"/>
        <TopLine Value="1083"/>
        <UsageCount Value="11"/>
      </Unit7>
      <Unit8>
        <Filename Value="P:\programming\lazarus\lcl\imglist.pp"/>
        <UnitName Value="ImgList"/>
        <CursorPos X="15" Y="183"/>
        <TopLine Value="166"/>
        <EditorIndex Value="13"/>
        <UsageCount Value="14"/>
        <Loaded Value="True"/>
      </Unit8>
      <Unit9>
        <Filename Value="P:\programming\lazarus\lcl\include\imglist.inc"/>
        <CursorPos X="41" Y="71"/>
        <TopLine Value="63"/>
        <EditorIndex Value="14"/>
        <UsageCount Value="14"/>
        <Loaded Value="True"/>
      </Unit9>
      <Unit10>
        <Filename Value="P:\programming\lazarus\lcl\controls.pp"/>
        <UnitName Value="Controls"/>
        <CursorPos X="3" Y="144"/>
        <TopLine Value="134"/>
        <EditorIndex Value="9"/>
        <UsageCount Value="14"/>
        <Loaded Value="True"/>
      </Unit10>
      <Unit11>
        <Filename Value="P:\programming\lazarus\lcl\include\winapih.inc"/>
        <CursorPos X="10" Y="195"/>
        <TopLine Value="178"/>
        <EditorIndex Value="11"/>
        <UsageCount Value="13"/>
        <Loaded Value="True"/>
      </Unit11>
      <Unit12>
        <Filename Value="P:\programming\lazarus\lcl\include\wincontrol.inc"/>
        <CursorPos X="3" Y="4908"/>
        <TopLine Value="4901"/>
        <EditorIndex Value="10"/>
        <UsageCount Value="13"/>
        <Loaded Value="True"/>
      </Unit12>
      <Unit13>
        <Filename Value="P:\programming\lazarus\fpc\2.2.1\source\rtl\objpas\sysutils\sysstrh.inc"/>
        <CursorPos X="11" Y="112"/>
        <TopLine Value="94"/>
        <UsageCount Value="10"/>
      </Unit13>
      <Unit14>
        <Filename Value="P:\programming\lazarus\fpc\2.2.1\source\rtl\objpas\sysutils\sysstr.inc"/>
        <CursorPos X="3" Y="789"/>
        <TopLine Value="786"/>
        <UsageCount Value="10"/>
      </Unit14>
      <Unit15>
        <Filename Value="P:\programming\lazarus\fpc\2.2.1\source\rtl\objpas\classes\classesh.inc"/>
        <CursorPos X="15" Y="364"/>
        <TopLine Value="347"/>
        <EditorIndex Value="7"/>
        <UsageCount Value="12"/>
        <Loaded Value="True"/>
      </Unit15>
      <Unit16>
        <Filename Value="P:\programming\lazarus\fpc\2.2.1\source\rtl\objpas\classes\persist.inc"/>
        <CursorPos X="3" Y="62"/>
        <TopLine Value="59"/>
        <EditorIndex Value="8"/>
        <UsageCount Value="12"/>
        <Loaded Value="True"/>
      </Unit16>
      <Unit17>
        <Filename Value="P:\programming\lazarus\lcl\graphics.pp"/>
        <UnitName Value="Graphics"/>
        <CursorPos X="15" Y="962"/>
        <TopLine Value="945"/>
        <EditorIndex Value="5"/>
        <UsageCount Value="11"/>
        <Loaded Value="True"/>
      </Unit17>
      <Unit18>
        <Filename Value="P:\programming\lazarus\lcl\include\canvas.inc"/>
        <CursorPos X="3" Y="1593"/>
        <TopLine Value="1589"/>
        <EditorIndex Value="6"/>
        <UsageCount Value="11"/>
        <Loaded Value="True"/>
      </Unit18>
      <Unit19>
        <Filename Value="P:\programming\lazarus\lcl\include\intfbasewinapi.inc"/>
        <CursorPos X="3" Y="860"/>
        <TopLine Value="857"/>
        <EditorIndex Value="12"/>
        <UsageCount Value="10"/>
        <Loaded Value="True"/>
      </Unit19>
    </Units>
    <JumpHistory Count="30" HistoryIndex="29">
      <Position1>
        <Filename Value="..\TreeListView.pas"/>
        <Caret Line="1245" Column="1" TopLine="1242"/>
      </Position1>
      <Position2>
        <Filename Value="..\TreeListView.pas"/>
        <Caret Line="2086" Column="81" TopLine="2070"/>
      </Position2>
      <Position3>
        <Filename Value="..\TreeListView.pas"/>
        <Caret Line="1" Column="1" TopLine="1"/>
      </Position3>
      <Position4>
        <Filename Value="..\TreeListView.pas"/>
        <Caret Line="2429" Column="25" TopLine="2412"/>
      </Position4>
      <Position5>
        <Filename Value="..\TreeListView.pas"/>
        <Caret Line="471" Column="86" TopLine="471"/>
      </Position5>
      <Position6>
        <Filename Value="..\TreeListView.pas"/>
        <Caret Line="2429" Column="49" TopLine="2429"/>
      </Position6>
      <Position7>
        <Filename Value="..\TreeListView.pas"/>
        <Caret Line="471" Column="42" TopLine="471"/>
      </Position7>
      <Position8>
        <Filename Value="..\TreeListView.pas"/>
        <Caret Line="2514" Column="52" TopLine="2514"/>
      </Position8>
      <Position9>
        <Filename Value="..\TreeListView.pas"/>
        <Caret Line="1" Column="1" TopLine="1"/>
      </Position9>
      <Position10>
        <Filename Value="..\TreeListView.pas"/>
        <Caret Line="230" Column="23" TopLine="213"/>
      </Position10>
      <Position11>
        <Filename Value="..\TreeListView.pas"/>
        <Caret Line="1202" Column="31" TopLine="1185"/>
      </Position11>
      <Position12>
        <Filename Value="..\TreeListView.pas"/>
        <Caret Line="2086" Column="44" TopLine="2072"/>
      </Position12>
      <Position13>
        <Filename Value="..\TreeListView.pas"/>
        <Caret Line="1188" Column="53" TopLine="1187"/>
      </Position13>
      <Position14>
        <Filename Value="..\TreeListView.pas"/>
        <Caret Line="2429" Column="25" TopLine="2412"/>
      </Position14>
      <Position15>
        <Filename Value="..\TreeListView.pas"/>
        <Caret Line="471" Column="41" TopLine="471"/>
      </Position15>
      <Position16>
        <Filename Value="..\TreeListView.pas"/>
        <Caret Line="2437" Column="14" TopLine="2420"/>
      </Position16>
      <Position17>
        <Filename Value="..\TreeListView.pas"/>
        <Caret Line="2492" Column="12" TopLine="2477"/>
      </Position17>
      <Position18>
        <Filename Value="..\TreeListView.pas"/>
        <Caret Line="2494" Column="8" TopLine="2477"/>
      </Position18>
      <Position19>
        <Filename Value="..\TreeListView.pas"/>
        <Caret Line="2448" Column="29" TopLine="2431"/>
      </Position19>
      <Position20>
        <Filename Value="..\TreeListView.pas"/>
        <Caret Line="2495" Column="44" TopLine="2481"/>
      </Position20>
      <Position21>
        <Filename Value="..\TreeListView.pas"/>
        <Caret Line="2471" Column="41" TopLine="2454"/>
      </Position21>
      <Position22>
        <Filename Value="..\TreeListView.pas"/>
        <Caret Line="1" Column="1" TopLine="1"/>
      </Position22>
      <Position23>
        <Filename Value="..\TreeListView.pas"/>
        <Caret Line="471" Column="27" TopLine="454"/>
      </Position23>
      <Position24>
        <Filename Value="..\TreeListView.pas"/>
        <Caret Line="1486" Column="17" TopLine="1472"/>
      </Position24>
      <Position25>
        <Filename Value="..\TreeListView.pas"/>
        <Caret Line="1489" Column="32" TopLine="1472"/>
      </Position25>
      <Position26>
        <Filename Value="..\TreeListView.pas"/>
        <Caret Line="1492" Column="32" TopLine="1475"/>
      </Position26>
      <Position27>
        <Filename Value="..\TreeListView.pas"/>
        <Caret Line="1494" Column="32" TopLine="1477"/>
      </Position27>
      <Position28>
        <Filename Value="..\TreeListView.pas"/>
        <Caret Line="1603" Column="67" TopLine="1586"/>
      </Position28>
      <Position29>
        <Filename Value="..\TreeListView.pas"/>
        <Caret Line="2085" Column="20" TopLine="2068"/>
      </Position29>
      <Position30>
        <Filename Value="..\TreeListView.pas"/>
        <Caret Line="2088" Column="21" TopLine="2071"/>
      </Position30>
    </JumpHistory>
  </ProjectOptions>
  <CompilerOptions>
    <Version Value="5"/>
    <PathDelim Value="\"/>
    <SearchPaths>
      <OtherUnitFiles Value="..\;$(LazarusDir)\lcl\units\$(TargetCPU)-$(TargetOS)\;$(LazarusDir)\lcl\units\$(TargetCPU)-$(TargetOS)\$(LCLWidgetType)\"/>
    </SearchPaths>
    <CodeGeneration>
      <Generate Value="Faster"/>
    </CodeGeneration>
    <Linking>
      <Options>
        <Win32>
          <GraphicApplication Value="True"/>
        </Win32>
      </Options>
    </Linking>
    <Other>
      <CustomOptions Value="-dlcl
"/>
      <CompilerPath Value="$(CompPath)"/>
    </Other>
  </CompilerOptions>
  <Debugging>
    <BreakPoints Count="5">
      <Item1>
        <Source Value="..\..\..\..\programs\internet\VideLibri\libraryparser.pas"/>
        <Line Value="2285"/>
      </Item1>
      <Item2>
        <Source Value="E:\components\pascal\internet\internetaccess.pas"/>
        <Line Value="131"/>
      </Item2>
      <Item3>
        <Source Value="E:\components\pascal\internet\internetaccess.pas"/>
        <Line Value="124"/>
      </Item3>
      <Item4>
        <Source Value="E:\components\pascal\internet\internetaccess.pas"/>
        <Line Value="117"/>
      </Item4>
      <Item5>
        <Source Value="..\..\internet\autoupdate.pas"/>
        <Line Value="256"/>
      </Item5>
    </BreakPoints>
    <Watches Count="3">
      <Item1>
        <Expression Value="values[1]"/>
      </Item1>
      <Item2>
        <Expression Value="values[2]"/>
      </Item2>
      <Item3>
        <Expression Value="values[3]"/>
      </Item3>
    </Watches>
    <Exceptions Count="3">
      <Item1>
        <Name Value="EAbortException"/>
      </Item1>
      <Item2>
        <Name Value="EAbort"/>
      </Item2>
      <Item3>
        <Name Value="EConvertError"/>
      </Item3>
    </Exceptions>
  </Debugging>
</CONFIG>
