<?xml version="1.0"?>
<CONFIG>
  <ProjectOptions>
    <PathDelim Value="\"/>
    <Version Value="7"/>
    <General>
      <Flags>
        <LRSInOutputDirectory Value="False"/>
      </Flags>
      <MainUnit Value="0"/>
      <TargetFileExt Value=".exe"/>
      <ActiveEditorIndexAtStart Value="4"/>
    </General>
    <VersionInfo>
      <ProjectVersion Value=""/>
      <Language Value=""/>
      <CharSet Value=""/>
    </VersionInfo>
    <PublishOptions>
      <Version Value="2"/>
      <IgnoreBinaries Value="False"/>
      <IncludeFileFilter Value="*.(pas|pp|inc|lfm|lpr|lrs|lpi|lpk|sh|xml)"/>
      <ExcludeFileFilter Value="*.(bak|ppu|ppw|o|so);*~;backup"/>
    </PublishOptions>
    <RunParams>
      <local>
        <FormatVersion Value="1"/>
        <LaunchingApplication PathPlusParams="/usr/X11R6/bin/xterm -T 'Lazarus Run Output' -e $(LazarusDir)/tools/runwait.sh $(TargetCmdLine)"/>
      </local>
    </RunParams>
    <Units Count="33">
      <Unit0>
        <Filename Value="treelistviewexample.lpr"/>
        <IsPartOfProject Value="True"/>
        <UnitName Value="treelistviewexample"/>
        <CursorPos X="64" Y="1"/>
        <TopLine Value="1"/>
        <EditorIndex Value="0"/>
        <UsageCount Value="74"/>
        <Loaded Value="True"/>
      </Unit0>
      <Unit1>
        <Filename Value="treelistviewexampleu.pas"/>
        <IsPartOfProject Value="True"/>
        <UnitName Value="treelistviewexampleu"/>
        <CursorPos X="35" Y="11"/>
        <TopLine Value="10"/>
        <EditorIndex Value="3"/>
        <UsageCount Value="74"/>
        <Loaded Value="True"/>
      </Unit1>
      <Unit2>
        <Filename Value="..\TreeListView.pas"/>
        <UnitName Value="TreeListView"/>
        <CursorPos X="76" Y="2875"/>
        <TopLine Value="2966"/>
        <EditorIndex Value="4"/>
        <UsageCount Value="34"/>
        <Bookmarks Count="6">
          <Item0 X="10" Y="2915" ID="1"/>
          <Item1 X="24" Y="2936" ID="2"/>
          <Item2 X="29" Y="2988" ID="6"/>
          <Item3 X="79" Y="2985" ID="7"/>
          <Item4 X="19" Y="3289" ID="8"/>
          <Item5 X="110" Y="3376" ID="9"/>
        </Bookmarks>
        <Loaded Value="True"/>
      </Unit2>
      <Unit3>
        <Filename Value="P:\programming\lazarus\fpc\2.2.1\source\rtl\win\wininc\struct.inc"/>
        <CursorPos X="30" Y="260"/>
        <TopLine Value="254"/>
        <UsageCount Value="13"/>
      </Unit3>
      <Unit4>
        <Filename Value="P:\programming\lazarus\lcl\include\application.inc"/>
        <CursorPos X="1" Y="1740"/>
        <TopLine Value="1723"/>
        <EditorIndex Value="1"/>
        <UsageCount Value="34"/>
        <Loaded Value="True"/>
      </Unit4>
      <Unit5>
        <Filename Value="P:\programming\lazarus\lcl\lclclasses.pp"/>
        <UnitName Value="LCLClasses"/>
        <CursorPos X="1" Y="116"/>
        <TopLine Value="99"/>
        <EditorIndex Value="2"/>
        <UsageCount Value="34"/>
        <Loaded Value="True"/>
      </Unit5>
      <Unit6>
        <Filename Value="..\findControl.pas"/>
        <UnitName Value="findControl"/>
        <CursorPos X="1" Y="405"/>
        <TopLine Value="372"/>
        <EditorIndex Value="14"/>
        <UsageCount Value="31"/>
        <Loaded Value="True"/>
      </Unit6>
      <Unit7>
        <Filename Value="P:\programming\lazarus\lcl\forms.pp"/>
        <UnitName Value="Forms"/>
        <CursorPos X="15" Y="1090"/>
        <TopLine Value="1083"/>
        <UsageCount Value="11"/>
      </Unit7>
      <Unit8>
        <Filename Value="P:\programming\lazarus\lcl\imglist.pp"/>
        <UnitName Value="ImgList"/>
        <CursorPos X="15" Y="183"/>
        <TopLine Value="166"/>
        <EditorIndex Value="25"/>
        <UsageCount Value="33"/>
        <Loaded Value="True"/>
      </Unit8>
      <Unit9>
        <Filename Value="P:\programming\lazarus\lcl\include\imglist.inc"/>
        <CursorPos X="41" Y="71"/>
        <TopLine Value="63"/>
        <EditorIndex Value="26"/>
        <UsageCount Value="33"/>
        <Loaded Value="True"/>
      </Unit9>
      <Unit10>
        <Filename Value="P:\programming\lazarus\lcl\controls.pp"/>
        <UnitName Value="Controls"/>
        <CursorPos X="32" Y="1312"/>
        <TopLine Value="1295"/>
        <EditorIndex Value="20"/>
        <UsageCount Value="33"/>
        <Loaded Value="True"/>
      </Unit10>
      <Unit11>
        <Filename Value="P:\programming\lazarus\lcl\include\winapih.inc"/>
        <CursorPos X="10" Y="85"/>
        <TopLine Value="68"/>
        <EditorIndex Value="23"/>
        <UsageCount Value="32"/>
        <Loaded Value="True"/>
      </Unit11>
      <Unit12>
        <Filename Value="P:\programming\lazarus\lcl\include\wincontrol.inc"/>
        <CursorPos X="1" Y="4750"/>
        <TopLine Value="4733"/>
        <EditorIndex Value="21"/>
        <UsageCount Value="32"/>
        <Loaded Value="True"/>
      </Unit12>
      <Unit13>
        <Filename Value="P:\programming\lazarus\fpc\2.2.1\source\rtl\objpas\sysutils\sysstrh.inc"/>
        <CursorPos X="11" Y="112"/>
        <TopLine Value="94"/>
        <UsageCount Value="10"/>
      </Unit13>
      <Unit14>
        <Filename Value="P:\programming\lazarus\fpc\2.2.1\source\rtl\objpas\sysutils\sysstr.inc"/>
        <CursorPos X="3" Y="789"/>
        <TopLine Value="786"/>
        <UsageCount Value="10"/>
      </Unit14>
      <Unit15>
        <Filename Value="P:\programming\lazarus\fpc\2.2.1\source\rtl\objpas\classes\classesh.inc"/>
        <CursorPos X="15" Y="364"/>
        <TopLine Value="347"/>
        <EditorIndex Value="18"/>
        <UsageCount Value="31"/>
        <Loaded Value="True"/>
      </Unit15>
      <Unit16>
        <Filename Value="P:\programming\lazarus\fpc\2.2.1\source\rtl\objpas\classes\persist.inc"/>
        <CursorPos X="3" Y="62"/>
        <TopLine Value="59"/>
        <EditorIndex Value="19"/>
        <UsageCount Value="31"/>
        <Loaded Value="True"/>
      </Unit16>
      <Unit17>
        <Filename Value="P:\programming\lazarus\lcl\graphics.pp"/>
        <UnitName Value="Graphics"/>
        <CursorPos X="15" Y="1061"/>
        <TopLine Value="1044"/>
        <EditorIndex Value="16"/>
        <UsageCount Value="30"/>
        <Loaded Value="True"/>
      </Unit17>
      <Unit18>
        <Filename Value="P:\programming\lazarus\lcl\include\canvas.inc"/>
        <CursorPos X="23" Y="42"/>
        <TopLine Value="35"/>
        <EditorIndex Value="17"/>
        <UsageCount Value="30"/>
        <Loaded Value="True"/>
      </Unit18>
      <Unit19>
        <Filename Value="P:\programming\lazarus\lcl\include\intfbasewinapi.inc"/>
        <CursorPos X="3" Y="273"/>
        <TopLine Value="271"/>
        <EditorIndex Value="24"/>
        <UsageCount Value="29"/>
        <Loaded Value="True"/>
      </Unit19>
      <Unit20>
        <Filename Value="..\compiledoc.bat"/>
        <CursorPos X="71" Y="1"/>
        <TopLine Value="1"/>
        <EditorIndex Value="15"/>
        <UsageCount Value="29"/>
        <Loaded Value="True"/>
        <SyntaxHighlighter Value="None"/>
      </Unit20>
      <Unit21>
        <Filename Value="P:\programming\lazarus\lcl\lmessages.pp"/>
        <UnitName Value="LMessages"/>
        <CursorPos X="14" Y="193"/>
        <TopLine Value="177"/>
        <EditorIndex Value="13"/>
        <UsageCount Value="28"/>
        <Loaded Value="True"/>
      </Unit21>
      <Unit22>
        <Filename Value="P:\programming\lazarus\fpc\2.2.1\source\rtl\win\messages.pp"/>
        <UnitName Value="messages"/>
        <CursorPos X="10" Y="11"/>
        <TopLine Value="1"/>
        <EditorIndex Value="11"/>
        <UsageCount Value="28"/>
        <Loaded Value="True"/>
      </Unit22>
      <Unit23>
        <Filename Value="P:\programming\lazarus\fpc\2.2.1\source\rtl\win\wininc\messages.inc"/>
        <CursorPos X="1" Y="1"/>
        <TopLine Value="1"/>
        <EditorIndex Value="12"/>
        <UsageCount Value="28"/>
        <Loaded Value="True"/>
      </Unit23>
      <Unit24>
        <Filename Value="..\extendedhtmlparser.pas"/>
        <UnitName Value="extendedhtmlparser"/>
        <CursorPos X="33" Y="12"/>
        <TopLine Value="1"/>
        <EditorIndex Value="8"/>
        <UsageCount Value="28"/>
        <Loaded Value="True"/>
      </Unit24>
      <Unit25>
        <Filename Value="..\simplehtmlparser.pas"/>
        <UnitName Value="simplehtmlparser"/>
        <CursorPos X="39" Y="12"/>
        <TopLine Value="12"/>
        <EditorIndex Value="10"/>
        <UsageCount Value="28"/>
        <Loaded Value="True"/>
      </Unit25>
      <Unit26>
        <Filename Value="..\bbutils.pas"/>
        <UnitName Value="bbutils"/>
        <CursorPos X="24" Y="582"/>
        <TopLine Value="582"/>
        <UsageCount Value="15"/>
      </Unit26>
      <Unit27>
        <Filename Value="..\simplexmlparser.pas"/>
        <UnitName Value="simplexmlparser"/>
        <CursorPos X="3" Y="5"/>
        <TopLine Value="1"/>
        <EditorIndex Value="9"/>
        <UsageCount Value="28"/>
        <Loaded Value="True"/>
      </Unit27>
      <Unit28>
        <Filename Value="T:\bzTreeListView.pas"/>
        <UnitName Value="bzTreeListView"/>
        <CursorPos X="1" Y="3141"/>
        <TopLine Value="3119"/>
        <UsageCount Value="13"/>
        <ReadOnly Value="True"/>
      </Unit28>
      <Unit29>
        <Filename Value="P:\programming\lazarus\lcl\include\control.inc"/>
        <CursorPos X="1" Y="1584"/>
        <TopLine Value="1567"/>
        <EditorIndex Value="22"/>
        <UsageCount Value="24"/>
        <Loaded Value="True"/>
      </Unit29>
      <Unit30>
        <Filename Value="P:\programming\lazarus\fpc\2.2.2\source\rtl\objpas\sysutils\sysstrh.inc"/>
        <CursorPos X="10" Y="77"/>
        <TopLine Value="58"/>
        <EditorIndex Value="6"/>
        <UsageCount Value="23"/>
        <Loaded Value="True"/>
      </Unit30>
      <Unit31>
        <Filename Value="P:\programming\lazarus\fpc\2.2.2\source\rtl\objpas\sysutils\sysstr.inc"/>
        <CursorPos X="3" Y="212"/>
        <TopLine Value="212"/>
        <EditorIndex Value="7"/>
        <UsageCount Value="23"/>
        <Loaded Value="True"/>
      </Unit31>
      <Unit32>
        <Filename Value="P:\programming\lazarus\lcl\include\rasterimage.inc"/>
        <CursorPos X="10" Y="501"/>
        <TopLine Value="491"/>
        <EditorIndex Value="5"/>
        <UsageCount Value="16"/>
        <Loaded Value="True"/>
      </Unit32>
    </Units>
    <JumpHistory Count="30" HistoryIndex="29">
      <Position1>
        <Filename Value="..\TreeListView.pas"/>
        <Caret Line="2532" Column="5" TopLine="2515"/>
      </Position1>
      <Position2>
        <Filename Value="..\TreeListView.pas"/>
        <Caret Line="2541" Column="19" TopLine="2515"/>
      </Position2>
      <Position3>
        <Filename Value="..\TreeListView.pas"/>
        <Caret Line="2876" Column="38" TopLine="2859"/>
      </Position3>
      <Position4>
        <Filename Value="..\TreeListView.pas"/>
        <Caret Line="2916" Column="63" TopLine="2898"/>
      </Position4>
      <Position5>
        <Filename Value="..\TreeListView.pas"/>
        <Caret Line="3324" Column="93" TopLine="3301"/>
      </Position5>
      <Position6>
        <Filename Value="..\TreeListView.pas"/>
        <Caret Line="1" Column="1" TopLine="1"/>
      </Position6>
      <Position7>
        <Filename Value="..\TreeListView.pas"/>
        <Caret Line="412" Column="19" TopLine="395"/>
      </Position7>
      <Position8>
        <Filename Value="..\TreeListView.pas"/>
        <Caret Line="2924" Column="58" TopLine="2909"/>
      </Position8>
      <Position9>
        <Filename Value="..\TreeListView.pas"/>
        <Caret Line="1" Column="1" TopLine="1"/>
      </Position9>
      <Position10>
        <Filename Value="..\TreeListView.pas"/>
        <Caret Line="1924" Column="68" TopLine="1907"/>
      </Position10>
      <Position11>
        <Filename Value="..\TreeListView.pas"/>
        <Caret Line="1926" Column="68" TopLine="1907"/>
      </Position11>
      <Position12>
        <Filename Value="..\TreeListView.pas"/>
        <Caret Line="1949" Column="61" TopLine="1932"/>
      </Position12>
      <Position13>
        <Filename Value="..\TreeListView.pas"/>
        <Caret Line="1959" Column="34" TopLine="1932"/>
      </Position13>
      <Position14>
        <Filename Value="..\TreeListView.pas"/>
        <Caret Line="2130" Column="64" TopLine="2113"/>
      </Position14>
      <Position15>
        <Filename Value="..\TreeListView.pas"/>
        <Caret Line="2215" Column="55" TopLine="2198"/>
      </Position15>
      <Position16>
        <Filename Value="..\TreeListView.pas"/>
        <Caret Line="2216" Column="78" TopLine="2198"/>
      </Position16>
      <Position17>
        <Filename Value="..\TreeListView.pas"/>
        <Caret Line="2842" Column="23" TopLine="2825"/>
      </Position17>
      <Position18>
        <Filename Value="..\TreeListView.pas"/>
        <Caret Line="2910" Column="47" TopLine="2893"/>
      </Position18>
      <Position19>
        <Filename Value="..\TreeListView.pas"/>
        <Caret Line="2924" Column="76" TopLine="2893"/>
      </Position19>
      <Position20>
        <Filename Value="..\TreeListView.pas"/>
        <Caret Line="2982" Column="138" TopLine="2965"/>
      </Position20>
      <Position21>
        <Filename Value="..\TreeListView.pas"/>
        <Caret Line="3185" Column="49" TopLine="3168"/>
      </Position21>
      <Position22>
        <Filename Value="..\TreeListView.pas"/>
        <Caret Line="3311" Column="36" TopLine="3294"/>
      </Position22>
      <Position23>
        <Filename Value="..\TreeListView.pas"/>
        <Caret Line="3324" Column="114" TopLine="3294"/>
      </Position23>
      <Position24>
        <Filename Value="..\TreeListView.pas"/>
        <Caret Line="3325" Column="114" TopLine="3294"/>
      </Position24>
      <Position25>
        <Filename Value="..\TreeListView.pas"/>
        <Caret Line="477" Column="1" TopLine="477"/>
      </Position25>
      <Position26>
        <Filename Value="..\TreeListView.pas"/>
        <Caret Line="1" Column="1" TopLine="1"/>
      </Position26>
      <Position27>
        <Filename Value="..\TreeListView.pas"/>
        <Caret Line="356" Column="53" TopLine="330"/>
      </Position27>
      <Position28>
        <Filename Value="..\TreeListView.pas"/>
        <Caret Line="500" Column="25" TopLine="483"/>
      </Position28>
      <Position29>
        <Filename Value="treelistviewexampleu.pas"/>
        <Caret Line="133" Column="4" TopLine="116"/>
      </Position29>
      <Position30>
        <Filename Value="..\TreeListView.pas"/>
        <Caret Line="2879" Column="2" TopLine="2857"/>
      </Position30>
    </JumpHistory>
  </ProjectOptions>
  <CompilerOptions>
    <Version Value="8"/>
    <PathDelim Value="\"/>
    <SearchPaths>
      <OtherUnitFiles Value="..\;$(LazarusDir)\lcl\units\$(TargetCPU)-$(TargetOS)\;$(LazarusDir)\lcl\units\$(TargetCPU)-$(TargetOS)\$(LCLWidgetType)\"/>
    </SearchPaths>
    <Linking>
      <Options>
        <Win32>
          <GraphicApplication Value="True"/>
        </Win32>
      </Options>
    </Linking>
    <Other>
      <CustomOptions Value="-dlcl
"/>
      <CompilerPath Value="$(CompPath)"/>
    </Other>
  </CompilerOptions>
  <Debugging>
    <BreakPoints Count="5">
      <Item1>
        <Source Value="..\..\..\..\programs\internet\VideLibri\libraryparser.pas"/>
        <Line Value="2285"/>
      </Item1>
      <Item2>
        <Source Value="E:\components\pascal\internet\internetaccess.pas"/>
        <Line Value="131"/>
      </Item2>
      <Item3>
        <Source Value="E:\components\pascal\internet\internetaccess.pas"/>
        <Line Value="124"/>
      </Item3>
      <Item4>
        <Source Value="E:\components\pascal\internet\internetaccess.pas"/>
        <Line Value="117"/>
      </Item4>
      <Item5>
        <Source Value="..\..\internet\autoupdate.pas"/>
        <Line Value="256"/>
      </Item5>
    </BreakPoints>
    <Watches Count="3">
      <Item1>
        <Expression Value="values[1]"/>
      </Item1>
      <Item2>
        <Expression Value="values[2]"/>
      </Item2>
      <Item3>
        <Expression Value="values[3]"/>
      </Item3>
    </Watches>
    <Exceptions Count="3">
      <Item1>
        <Name Value="EAbortException"/>
      </Item1>
      <Item2>
        <Name Value="EAbort"/>
      </Item2>
      <Item3>
        <Name Value="EConvertError"/>
      </Item3>
    </Exceptions>
  </Debugging>
</CONFIG>
